
Microsoft Visual Studio Solution File, Format Version 12.00
# Visual Studio 2012
Project("{FAE04EC0-301F-11D3-BF4B-00C04F79EFBC}") = "WelcomePage", "WelcomePage\WelcomePage.csproj", "{FE7E081F-75E0-4CC9-A21C-F25BD6880C9C}"
EndProject
Project("{2150E333-8FDC-42A3-9474-1A3956D46DE8}") = ".nuget", ".nuget", "{1F414CAA-5C51-4FDA-99D1-089666B6DA5B}"
	ProjectSection(SolutionItems) = preProject
		.nuget\NuGet.Config = .nuget\NuGet.Config
		.nuget\NuGet.exe = .nuget\NuGet.exe
		.nuget\NuGet.targets = .nuget\NuGet.targets
	EndProjectSection
EndProject
Project("{2150E333-8FDC-42A3-9474-1A3956D46DE8}") = "Solution Items", "Solution Items", "{2688EFE1-3E3E-44C9-843F-8E50EBF3FA7B}"
	ProjectSection(SolutionItems) = preProject
		LICENSE.txt = LICENSE.txt
		README.md = README.md
	EndProjectSection
EndProject
Project("{FAE04EC0-301F-11D3-BF4B-00C04F79EFBC}") = "WelcomePage.Core", "WelcomePage.Core\WelcomePage.Core.csproj", "{D65A8005-CA98-4A6A-9645-58CEB9604C68}"
EndProject
Project("{FAE04EC0-301F-11D3-BF4B-00C04F79EFBC}") = "WelcomePage_UnitTests", "WelcomePage_UnitTests\WelcomePage_UnitTests.csproj", "{5C519294-D027-4B57-9517-8EEA470D299D}"
EndProject
Project("{FAE04EC0-301F-11D3-BF4B-00C04F79EFBC}") = "WelcomePage.WebServer", "WelcomePage.WebServer\WelcomePage.WebServer.csproj", "{9DC8B08F-5A07-414D-A6FE-5931CF8D90BF}"
EndProject
Global
	GlobalSection(SolutionConfigurationPlatforms) = preSolution
		Debug|Any CPU = Debug|Any CPU
		Release|Any CPU = Release|Any CPU
	EndGlobalSection
	GlobalSection(ProjectConfigurationPlatforms) = postSolution
		{FE7E081F-75E0-4CC9-A21C-F25BD6880C9C}.Debug|Any CPU.ActiveCfg = Debug|Any CPU
		{FE7E081F-75E0-4CC9-A21C-F25BD6880C9C}.Debug|Any CPU.Build.0 = Debug|Any CPU
		{FE7E081F-75E0-4CC9-A21C-F25BD6880C9C}.Release|Any CPU.ActiveCfg = Release|Any CPU
		{FE7E081F-75E0-4CC9-A21C-F25BD6880C9C}.Release|Any CPU.Build.0 = Release|Any CPU
		{D65A8005-CA98-4A6A-9645-58CEB9604C68}.Debug|Any CPU.ActiveCfg = Debug|Any CPU
		{D65A8005-CA98-4A6A-9645-58CEB9604C68}.Debug|Any CPU.Build.0 = Debug|Any CPU
		{D65A8005-CA98-4A6A-9645-58CEB9604C68}.Release|Any CPU.ActiveCfg = Release|Any CPU
		{D65A8005-CA98-4A6A-9645-58CEB9604C68}.Release|Any CPU.Build.0 = Release|Any CPU
		{5C519294-D027-4B57-9517-8EEA470D299D}.Debug|Any CPU.ActiveCfg = Debug|Any CPU
		{5C519294-D027-4B57-9517-8EEA470D299D}.Debug|Any CPU.Build.0 = Debug|Any CPU
		{5C519294-D027-4B57-9517-8EEA470D299D}.Release|Any CPU.ActiveCfg = Release|Any CPU
		{5C519294-D027-4B57-9517-8EEA470D299D}.Release|Any CPU.Build.0 = Release|Any CPU
		{9DC8B08F-5A07-414D-A6FE-5931CF8D90BF}.Debug|Any CPU.ActiveCfg = Debug|Any CPU
		{9DC8B08F-5A07-414D-A6FE-5931CF8D90BF}.Debug|Any CPU.Build.0 = Debug|Any CPU
		{9DC8B08F-5A07-414D-A6FE-5931CF8D90BF}.Release|Any CPU.ActiveCfg = Release|Any CPU
		{9DC8B08F-5A07-414D-A6FE-5931CF8D90BF}.Release|Any CPU.Build.0 = Release|Any CPU
	EndGlobalSection
	GlobalSection(SolutionProperties) = preSolution
		HideSolutionNode = FALSE
	EndGlobalSection
EndGlobal
